// !$*UTF8*$!
{
	archiveVersion = 1;
	classes = {
	};
	objectVersion = 63;
	objects = {

/* Begin PBXBuildFile section */
		0060CD80A9C5B13A1367292A /* AppState.swift in Sources */ = {isa = PBXBuildFile; fileRef = 53C3B4C5E6252619E380570B /* AppState.swift */; };
		210896FB306064B25A3EBD38 /* LauncherMenuView.swift in Sources */ = {isa = PBXBuildFile; fileRef = 2759604378E8A10C3758770C /* LauncherMenuView.swift */; };
		4FB8803E0391B71BAC18FDAF /* Assets.xcassets in Resources */ = {isa = PBXBuildFile; fileRef = 6110FBB3EC4877FB5512D472 /* Assets.xcassets */; };
		778D7511E3811C7181BF02D9 /* SettingsView.swift in Sources */ = {isa = PBXBuildFile; fileRef = 4D87AEEB04C78E7F690FAE68 /* SettingsView.swift */; };
		908939BE562F299E710EF31A /* AnnotationView.swift in Sources */ = {isa = PBXBuildFile; fileRef = 22F046163D055BC77B4A95C4 /* AnnotationView.swift */; };
		A1B2C3D4E5F60718293A4B5C /* NotificationManager.swift in Sources */ = {isa = PBXBuildFile; fileRef = B2C3D4E5F60718293A4B5C6D /* NotificationManager.swift */; };
		A2B3C4D5E6F70829304B5C6D /* SetupView.swift in Sources */ = {isa = PBXBuildFile; fileRef = C3D4E5F60718293A4B5C6D7E /* SetupView.swift */; };
		A3B4C5D6E7F8093A415C6D7E /* UploadHistory.swift in Sources */ = {isa = PBXBuildFile; fileRef = D4E5F60718293A4B5C6D7E8F /* UploadHistory.swift */; };
		A4B5C6D7E8F90A4B526D7E8F /* HistoryView.swift in Sources */ = {isa = PBXBuildFile; fileRef = E5F60718293A4B5C6D7E8F90 /* HistoryView.swift */; };
		A5B6C7D8E9FA0B5C637E8F90 /* AppSettings.swift in Sources */ = {isa = PBXBuildFile; fileRef = F60718293A4B5C6D7E8F9012 /* AppSettings.swift */; };
		A6B7C8D9EA0B6D748F90123 /* WebDAVUploader.swift in Sources */ = {isa = PBXBuildFile; fileRef = 0718293A4B5C6D7E8F901234 /* WebDAVUploader.swift */; };
		A7B8C9DAEB0C7E8590123456 /* GlassStyle.swift in Sources */ = {isa = PBXBuildFile; fileRef = 18293A4B5C6D7E8F90123456 /* GlassStyle.swift */; };
		A8B9CADBEC1D8F9601234567 /* LaunchAtLoginManager.swift in Sources */ = {isa = PBXBuildFile; fileRef = 293A4B5C6D7E8F9012345678 /* LaunchAtLoginManager.swift */; };
		B6F8EF8F7B24FC8642331045 /* ScreenShoterApp.swift in Sources */ = {isa = PBXBuildFile; fileRef = 25FCCFC09E18428C8671C622 /* ScreenShoterApp.swift */; };
		E44A94011C82DF999C78D8AD /* ScreenshotService.swift in Sources */ = {isa = PBXBuildFile; fileRef = 4E316430B534C8F89F936DC6 /* ScreenshotService.swift */; };
		F1A2B3C4D5E6F70829304B5C /* ServiceManagement.framework in Frameworks */ = {isa = PBXBuildFile; fileRef = F2B3C4D5E6F70829304B5C6D /* ServiceManagement.framework */; };
		N3TW0RK01A2B3C4D5E6F70829 /* Network.framework in Frameworks */ = {isa = PBXBuildFile; fileRef = N3TW0RK02B3C4D5E6F7082930 /* Network.framework */; };
		H0TKEY01A2B3C4D5E6F70829 /* HotkeyManager.swift in Sources */ = {isa = PBXBuildFile; fileRef = H0TKEY02B3C4D5E6F7082930 /* HotkeyManager.swift */; };
		M4CW4LL01A2B3C4D5E6F70829 /* MacWallpaperHelper.swift in Sources */ = {isa = PBXBuildFile; fileRef = M4CW4LL02B3C4D5E6F7082930 /* MacWallpaperHelper.swift */; };
		OCR5V01A2B3C4D5E6F708293 /* OCRService.swift in Sources */ = {isa = PBXBuildFile; fileRef = OCR5V02B3C4D5E6F7082930 /* OCRService.swift */; };
		Q0U1CK01A2B3C4D5E6F7082 /* QuickCaptureService.swift in Sources */ = {isa = PBXBuildFile; fileRef = Q0U1CK02B3C4D5E6F708293 /* QuickCaptureService.swift */; };
		Q0V1EW01A2B3C4D5E6F7082 /* QuickOverlayView.swift in Sources */ = {isa = PBXBuildFile; fileRef = Q0V1EW02B3C4D5E6F708293 /* QuickOverlayView.swift */; };
		D3SK01A2B3C4D5E6F70829 /* DesktopIconsHelper.swift in Sources */ = {isa = PBXBuildFile; fileRef = D3SK02B3C4D5E6F7082930 /* DesktopIconsHelper.swift */; };
		G1F3X01A2B3C4D5E6F70829 /* GifExportService.swift in Sources */ = {isa = PBXBuildFile; fileRef = G1F3X02B3C4D5E6F7082930 /* GifExportService.swift */; };
		R3G10N01A2B3C4D5E6F7082 /* RegionCaptureView.swift in Sources */ = {isa = PBXBuildFile; fileRef = R3G10N02B3C4D5E6F708293 /* RegionCaptureView.swift */; };
		SCR3C01A2B3C4D5E6F70829 /* ScreenRecordingService.swift in Sources */ = {isa = PBXBuildFile; fileRef = SCR3C02B3C4D5E6F7082930 /* ScreenRecordingService.swift */; };
		SCR0LL01A2B3C4D5E6F70829 /* ScrollCaptureService.swift in Sources */ = {isa = PBXBuildFile; fileRef = SCR0LL02B3C4D5E6F7082930 /* ScrollCaptureService.swift */; };
		W4LL01A2B3C4D5E6F708293 /* WallpaperPresetHelper.swift in Sources */ = {isa = PBXBuildFile; fileRef = W4LL02B3C4D5E6F7082930 /* WallpaperPresetHelper.swift */; };
		Y4ND3X01A2B3C4D5E6F70829 /* YandexPreviewLoader.swift in Sources */ = {isa = PBXBuildFile; fileRef = Y4ND3X02B3C4D5E6F7082930 /* YandexPreviewLoader.swift */; };
		Y4ND3X01A2B3C4D5E6F7082A /* YandexOAuthConfig.swift in Sources */ = {isa = PBXBuildFile; fileRef = Y4ND3X02B3C4D5E6F7082931 /* YandexOAuthConfig.swift */; };
		Y4ND3X01A2B3C4D5E6F7082B /* YandexOAuthCallbackServer.swift in Sources */ = {isa = PBXBuildFile; fileRef = Y4ND3X02B3C4D5E6F7082932 /* YandexOAuthCallbackServer.swift */; };
/* End PBXBuildFile section */

/* Begin PBXFileReference section */
		0718293A4B5C6D7E8F901234 /* WebDAVUploader.swift */ = {isa = PBXFileReference; lastKnownFileType = sourcecode.swift; path = WebDAVUploader.swift; sourceTree = "<group>"; };
		18293A4B5C6D7E8F90123456 /* GlassStyle.swift */ = {isa = PBXFileReference; lastKnownFileType = sourcecode.swift; path = GlassStyle.swift; sourceTree = "<group>"; };
		22F046163D055BC77B4A95C4 /* AnnotationView.swift */ = {isa = PBXFileReference; lastKnownFileType = sourcecode.swift; path = AnnotationView.swift; sourceTree = "<group>"; };
		25FCCFC09E18428C8671C622 /* ScreenShoterApp.swift */ = {isa = PBXFileReference; lastKnownFileType = sourcecode.swift; path = ScreenShoterApp.swift; sourceTree = "<group>"; };
		2759604378E8A10C3758770C /* LauncherMenuView.swift */ = {isa = PBXFileReference; lastKnownFileType = sourcecode.swift; path = LauncherMenuView.swift; sourceTree = "<group>"; };
		293A4B5C6D7E8F9012345678 /* LaunchAtLoginManager.swift */ = {isa = PBXFileReference; lastKnownFileType = sourcecode.swift; path = LaunchAtLoginManager.swift; sourceTree = "<group>"; };
		394A5B6C7D8E9F9012345678 /* ScreenShoter.entitlements */ = {isa = PBXFileReference; lastKnownFileType = text.plist.entitlements; path = ScreenShoter.entitlements; sourceTree = "<group>"; };
		4D87AEEB04C78E7F690FAE68 /* SettingsView.swift */ = {isa = PBXFileReference; lastKnownFileType = sourcecode.swift; path = SettingsView.swift; sourceTree = "<group>"; };
		4E316430B534C8F89F936DC6 /* ScreenshotService.swift */ = {isa = PBXFileReference; lastKnownFileType = sourcecode.swift; path = ScreenshotService.swift; sourceTree = "<group>"; };
		53C3B4C5E6252619E380570B /* AppState.swift */ = {isa = PBXFileReference; lastKnownFileType = sourcecode.swift; path = AppState.swift; sourceTree = "<group>"; };
		54A953339C310662A6D6251F /* Info.plist */ = {isa = PBXFileReference; lastKnownFileType = text.plist; path = Info.plist; sourceTree = "<group>"; };
		6110FBB3EC4877FB5512D472 /* Assets.xcassets */ = {isa = PBXFileReference; lastKnownFileType = folder.assetcatalog; path = Assets.xcassets; sourceTree = "<group>"; };
		A995FCBCC9D70D1C2549D216 /* ScreenShoter.app */ = {isa = PBXFileReference; explicitFileType = wrapper.application; includeInIndex = 0; name = ScreenShoter.app; path = /Users/gasoyan/Documents/projects/scrinsjater/build/Debug/ScreenShoter.app; sourceTree = "<absolute>"; };
		B2C3D4E5F60718293A4B5C6D /* NotificationManager.swift */ = {isa = PBXFileReference; lastKnownFileType = sourcecode.swift; path = NotificationManager.swift; sourceTree = "<group>"; };
		C3D4E5F60718293A4B5C6D7E /* SetupView.swift */ = {isa = PBXFileReference; lastKnownFileType = sourcecode.swift; path = SetupView.swift; sourceTree = "<group>"; };
		D4E5F60718293A4B5C6D7E8F /* UploadHistory.swift */ = {isa = PBXFileReference; lastKnownFileType = sourcecode.swift; path = UploadHistory.swift; sourceTree = "<group>"; };
		E5F60718293A4B5C6D7E8F90 /* HistoryView.swift */ = {isa = PBXFileReference; lastKnownFileType = sourcecode.swift; path = HistoryView.swift; sourceTree = "<group>"; };
		F2B3C4D5E6F70829304B5C6D /* ServiceManagement.framework */ = {isa = PBXFileReference; lastKnownFileType = wrapper.framework; name = ServiceManagement.framework; path = System/Library/Frameworks/ServiceManagement.framework; sourceTree = SDKROOT; };
		N3TW0RK02B3C4D5E6F7082930 /* Network.framework */ = {isa = PBXFileReference; lastKnownFileType = wrapper.framework; name = Network.framework; path = System/Library/Frameworks/Network.framework; sourceTree = SDKROOT; };
		F60718293A4B5C6D7E8F9012 /* AppSettings.swift */ = {isa = PBXFileReference; lastKnownFileType = sourcecode.swift; path = AppSettings.swift; sourceTree = "<group>"; };
		H0TKEY02B3C4D5E6F7082930 /* HotkeyManager.swift */ = {isa = PBXFileReference; lastKnownFileType = sourcecode.swift; path = HotkeyManager.swift; sourceTree = "<group>"; };
		M4CW4LL02B3C4D5E6F7082930 /* MacWallpaperHelper.swift */ = {isa = PBXFileReference; lastKnownFileType = sourcecode.swift; path = MacWallpaperHelper.swift; sourceTree = "<group>"; };
		OCR5V02B3C4D5E6F7082930 /* OCRService.swift */ = {isa = PBXFileReference; lastKnownFileType = sourcecode.swift; path = OCRService.swift; sourceTree = "<group>"; };
		Q0U1CK02B3C4D5E6F708293 /* QuickCaptureService.swift */ = {isa = PBXFileReference; lastKnownFileType = sourcecode.swift; path = QuickCaptureService.swift; sourceTree = "<group>"; };
		Q0V1EW02B3C4D5E6F708293 /* QuickOverlayView.swift */ = {isa = PBXFileReference; lastKnownFileType = sourcecode.swift; path = QuickOverlayView.swift; sourceTree = "<group>"; };
		D3SK02B3C4D5E6F7082930 /* DesktopIconsHelper.swift */ = {isa = PBXFileReference; lastKnownFileType = sourcecode.swift; path = DesktopIconsHelper.swift; sourceTree = "<group>"; };
		G1F3X02B3C4D5E6F7082930 /* GifExportService.swift */ = {isa = PBXFileReference; lastKnownFileType = sourcecode.swift; path = GifExportService.swift; sourceTree = "<group>"; };
		R3G10N02B3C4D5E6F708293 /* RegionCaptureView.swift */ = {isa = PBXFileReference; lastKnownFileType = sourcecode.swift; path = RegionCaptureView.swift; sourceTree = "<group>"; };
		SCR3C02B3C4D5E6F7082930 /* ScreenRecordingService.swift */ = {isa = PBXFileReference; lastKnownFileType = sourcecode.swift; path = ScreenRecordingService.swift; sourceTree = "<group>"; };
		SCR0LL02B3C4D5E6F7082930 /* ScrollCaptureService.swift */ = {isa = PBXFileReference; lastKnownFileType = sourcecode.swift; path = ScrollCaptureService.swift; sourceTree = "<group>"; };
		W4LL02B3C4D5E6F7082930 /* WallpaperPresetHelper.swift */ = {isa = PBXFileReference; lastKnownFileType = sourcecode.swift; path = WallpaperPresetHelper.swift; sourceTree = "<group>"; };
		Y4ND3X02B3C4D5E6F7082930 /* YandexPreviewLoader.swift */ = {isa = PBXFileReference; lastKnownFileType = sourcecode.swift; path = YandexPreviewLoader.swift; sourceTree = "<group>"; };
		Y4ND3X02B3C4D5E6F7082931 /* YandexOAuthConfig.swift */ = {isa = PBXFileReference; lastKnownFileType = sourcecode.swift; path = YandexOAuthConfig.swift; sourceTree = "<group>"; };
		Y4ND3X02B3C4D5E6F7082932 /* YandexOAuthCallbackServer.swift */ = {isa = PBXFileReference; lastKnownFileType = sourcecode.swift; path = YandexOAuthCallbackServer.swift; sourceTree = "<group>"; };
/* End PBXFileReference section */

/* Begin PBXFrameworksBuildPhase section */
		F4D5E6F70829304B5C6D7E8F /* Frameworks */ = {
			isa = PBXFrameworksBuildPhase;
			buildActionMask = 2147483647;
			files = (
				F1A2B3C4D5E6F70829304B5C /* ServiceManagement.framework in Frameworks */,
				N3TW0RK01A2B3C4D5E6F70829 /* Network.framework in Frameworks */,
			);
			runOnlyForDeploymentPostprocessing = 0;
		};
/* End PBXFrameworksBuildPhase section */

/* Begin PBXGroup section */
		429707E5AAD43F6CD0327777 /* ScreenShoter */ = {
			isa = PBXGroup;
			children = (
				22F046163D055BC77B4A95C4 /* AnnotationView.swift */,
				53C3B4C5E6252619E380570B /* AppState.swift */,
				F60718293A4B5C6D7E8F9012 /* AppSettings.swift */,
				6110FBB3EC4877FB5512D472 /* Assets.xcassets */,
				18293A4B5C6D7E8F90123456 /* GlassStyle.swift */,
				H0TKEY02B3C4D5E6F7082930 /* HotkeyManager.swift */,
				E5F60718293A4B5C6D7E8F90 /* HistoryView.swift */,
				293A4B5C6D7E8F9012345678 /* LaunchAtLoginManager.swift */,
				M4CW4LL02B3C4D5E6F7082930 /* MacWallpaperHelper.swift */,
				OCR5V02B3C4D5E6F7082930 /* OCRService.swift */,
				Q0U1CK02B3C4D5E6F708293 /* QuickCaptureService.swift */,
				Q0V1EW02B3C4D5E6F708293 /* QuickOverlayView.swift */,
				D3SK02B3C4D5E6F7082930 /* DesktopIconsHelper.swift */,
				G1F3X02B3C4D5E6F7082930 /* GifExportService.swift */,
				R3G10N02B3C4D5E6F708293 /* RegionCaptureView.swift */,
				SCR3C02B3C4D5E6F7082930 /* ScreenRecordingService.swift */,
				SCR0LL02B3C4D5E6F7082930 /* ScrollCaptureService.swift */,
				54A953339C310662A6D6251F /* Info.plist */,
				394A5B6C7D8E9F9012345678 /* ScreenShoter.entitlements */,
				2759604378E8A10C3758770C /* LauncherMenuView.swift */,
				B2C3D4E5F60718293A4B5C6D /* NotificationManager.swift */,
				4E316430B534C8F89F936DC6 /* ScreenshotService.swift */,
				25FCCFC09E18428C8671C622 /* ScreenShoterApp.swift */,
				C3D4E5F60718293A4B5C6D7E /* SetupView.swift */,
				4D87AEEB04C78E7F690FAE68 /* SettingsView.swift */,
				D4E5F60718293A4B5C6D7E8F /* UploadHistory.swift */,
				0718293A4B5C6D7E8F901234 /* WebDAVUploader.swift */,
				W4LL02B3C4D5E6F7082930 /* WallpaperPresetHelper.swift */,
				Y4ND3X02B3C4D5E6F7082930 /* YandexPreviewLoader.swift */,
				Y4ND3X02B3C4D5E6F7082931 /* YandexOAuthConfig.swift */,
				Y4ND3X02B3C4D5E6F7082932 /* YandexOAuthCallbackServer.swift */,
			);
			path = ScreenShoter;
			sourceTree = "<group>";
		};
		C82FC0686C3836E09D5FC583 = {
			isa = PBXGroup;
			children = (
				429707E5AAD43F6CD0327777 /* ScreenShoter */,
				F3C4D5E6F70829304B5C6D7E /* Frameworks */,
			);
			sourceTree = "<group>";
		};
		F3C4D5E6F70829304B5C6D7E /* Frameworks */ = {
			isa = PBXGroup;
			children = (
				F2B3C4D5E6F70829304B5C6D /* ServiceManagement.framework */,
				N3TW0RK02B3C4D5E6F7082930 /* Network.framework */,
			);
			name = Frameworks;
			sourceTree = "<group>";
		};
/* End PBXGroup section */

/* Begin PBXNativeTarget section */
		FB6BD79DB10E92EEB929FE4E /* ScreenShoter */ = {
			isa = PBXNativeTarget;
			buildConfigurationList = 8A78D0812CA77F06E45F6661 /* Build configuration list for PBXNativeTarget "ScreenShoter" */;
			buildPhases = (
				F29A5268D84B4F585EB269E9 /* Sources */,
				BBF5B602F8772909054DEDC3 /* Resources */,
				F4D5E6F70829304B5C6D7E8F /* Frameworks */,
			);
			buildRules = (
			);
			dependencies = (
			);
			name = ScreenShoter;
			packageProductDependencies = (
				SPARKLE001A2B3C4D5E6F70829 /* Sparkle */,
			);
			productName = ScreenShoter;
			productReference = A995FCBCC9D70D1C2549D216 /* ScreenShoter.app */;
			productType = "com.apple.product-type.application";
		};
/* End PBXNativeTarget section */

/* Begin PBXProject section */
		D3B0EC106398018CCE11D26C /* Project object */ = {
			isa = PBXProject;
			attributes = {
				BuildIndependentTargetsInParallel = YES;
				LastUpgradeCheck = 1500;
			};
			buildConfigurationList = 6265751F4F23176FA4E3F949 /* Build configuration list for PBXProject "ScreenShoter" */;
			compatibilityVersion = "Xcode 14.0";
			developmentRegion = en;
			hasScannedForEncodings = 0;
			knownRegions = (
				Base,
				en,
			);
			mainGroup = C82FC0686C3836E09D5FC583;
			minimizedProjectReferenceProxies = 1;
			packageReferences = (
				SPARKLE002B3C4D5E6F7082930 /* XCRemoteSwiftPackageReference "Sparkle" */,
			);
			projectDirPath = "";
			projectRoot = "";
			targets = (
				FB6BD79DB10E92EEB929FE4E /* ScreenShoter */,
			);
		};
/* End PBXProject section */

/* Begin PBXResourcesBuildPhase section */
		BBF5B602F8772909054DEDC3 /* Resources */ = {
			isa = PBXResourcesBuildPhase;
			buildActionMask = 2147483647;
			files = (
				4FB8803E0391B71BAC18FDAF /* Assets.xcassets in Resources */,
			);
			runOnlyForDeploymentPostprocessing = 0;
		};
/* End PBXResourcesBuildPhase section */

/* Begin PBXSourcesBuildPhase section */
		F29A5268D84B4F585EB269E9 /* Sources */ = {
			isa = PBXSourcesBuildPhase;
			buildActionMask = 2147483647;
			files = (
				908939BE562F299E710EF31A /* AnnotationView.swift in Sources */,
				0060CD80A9C5B13A1367292A /* AppState.swift in Sources */,
				A5B6C7D8E9FA0B5C637E8F90 /* AppSettings.swift in Sources */,
				A7B8C9DAEB0C7E8590123456 /* GlassStyle.swift in Sources */,
				A4B5C6D7E8F90A4B526D7E8F /* HistoryView.swift in Sources */,
				A8B9CADBEC1D8F9601234567 /* LaunchAtLoginManager.swift in Sources */,
				210896FB306064B25A3EBD38 /* LauncherMenuView.swift in Sources */,
				M4CW4LL01A2B3C4D5E6F70829 /* MacWallpaperHelper.swift in Sources */,
				OCR5V01A2B3C4D5E6F708293 /* OCRService.swift in Sources */,
				A1B2C3D4E5F60718293A4B5C /* NotificationManager.swift in Sources */,
				E44A94011C82DF999C78D8AD /* ScreenshotService.swift in Sources */,
				H0TKEY01A2B3C4D5E6F70829 /* HotkeyManager.swift in Sources */,
				Q0U1CK01A2B3C4D5E6F7082 /* QuickCaptureService.swift in Sources */,
				Q0V1EW01A2B3C4D5E6F7082 /* QuickOverlayView.swift in Sources */,
				D3SK01A2B3C4D5E6F70829 /* DesktopIconsHelper.swift in Sources */,
				G1F3X01A2B3C4D5E6F70829 /* GifExportService.swift in Sources */,
				R3G10N01A2B3C4D5E6F7082 /* RegionCaptureView.swift in Sources */,
				SCR3C01A2B3C4D5E6F70829 /* ScreenRecordingService.swift in Sources */,
				SCR0LL01A2B3C4D5E6F70829 /* ScrollCaptureService.swift in Sources */,
				B6F8EF8F7B24FC8642331045 /* ScreenShoterApp.swift in Sources */,
				A2B3C4D5E6F70829304B5C6D /* SetupView.swift in Sources */,
				778D7511E3811C7181BF02D9 /* SettingsView.swift in Sources */,
				A3B4C5D6E7F8093A415C6D7E /* UploadHistory.swift in Sources */,
				A6B7C8D9EA0B6D748F90123 /* WebDAVUploader.swift in Sources */,
				W4LL01A2B3C4D5E6F708293 /* WallpaperPresetHelper.swift in Sources */,
				Y4ND3X01A2B3C4D5E6F70829 /* YandexPreviewLoader.swift in Sources */,
				Y4ND3X01A2B3C4D5E6F7082A /* YandexOAuthConfig.swift in Sources */,
				Y4ND3X01A2B3C4D5E6F7082B /* YandexOAuthCallbackServer.swift in Sources */,
			);
			runOnlyForDeploymentPostprocessing = 0;
		};
/* End PBXSourcesBuildPhase section */

/* Begin XCBuildConfiguration section */
		09CCE6D5A9CF210CEAA2E483 /* Debug */ = {
			isa = XCBuildConfiguration;
			buildSettings = {
				ALWAYS_SEARCH_USER_PATHS = NO;
				CLANG_ANALYZER_NONNULL = YES;
				CLANG_ANALYZER_NUMBER_OBJECT_CONVERSION = YES_AGGRESSIVE;
				CLANG_CXX_LANGUAGE_STANDARD = "gnu++14";
				CLANG_CXX_LIBRARY = "libc++";
				CLANG_ENABLE_MODULES = YES;
				CLANG_ENABLE_OBJC_ARC = YES;
				CLANG_ENABLE_OBJC_WEAK = YES;
				CLANG_WARN_BLOCK_CAPTURE_AUTORELEASING = YES;
				CLANG_WARN_BOOL_CONVERSION = YES;
				CLANG_WARN_COMMA = YES;
				CLANG_WARN_CONSTANT_CONVERSION = YES;
				CLANG_WARN_DEPRECATED_OBJC_IMPLEMENTATIONS = YES;
				CLANG_WARN_DIRECT_OBJC_ISA_USAGE = YES_ERROR;
				CLANG_WARN_DOCUMENTATION_COMMENTS = YES;
				CLANG_WARN_EMPTY_BODY = YES;
				CLANG_WARN_ENUM_CONVERSION = YES;
				CLANG_WARN_INFINITE_RECURSION = YES;
				CLANG_WARN_INT_CONVERSION = YES;
				CLANG_WARN_NON_LITERAL_NULL_CONVERSION = YES;
				CLANG_WARN_OBJC_IMPLICIT_RETAIN_SELF = YES;
				CLANG_WARN_OBJC_LITERAL_CONVERSION = YES;
				CLANG_WARN_OBJC_ROOT_CLASS = YES_ERROR;
				CLANG_WARN_QUOTED_INCLUDE_IN_FRAMEWORK_HEADER = YES;
				CLANG_WARN_RANGE_LOOP_ANALYSIS = YES;
				CLANG_WARN_STRICT_PROTOTYPES = YES;
				CLANG_WARN_SUSPICIOUS_MOVE = YES;
				CLANG_WARN_UNGUARDED_AVAILABILITY = YES_AGGRESSIVE;
				CLANG_WARN_UNREACHABLE_CODE = YES;
				CLANG_WARN__DUPLICATE_METHOD_MATCH = YES;
				COPY_PHASE_STRIP = NO;
				DEBUG_INFORMATION_FORMAT = dwarf;
				ENABLE_STRICT_OBJC_MSGSEND = YES;
				ENABLE_TESTABILITY = YES;
				GCC_C_LANGUAGE_STANDARD = gnu11;
				GCC_DYNAMIC_NO_PIC = NO;
				GCC_NO_COMMON_BLOCKS = YES;
				GCC_OPTIMIZATION_LEVEL = 0;
				GCC_PREPROCESSOR_DEFINITIONS = (
					"$(inherited)",
					"DEBUG=1",
				);
				GCC_WARN_64_TO_32_BIT_CONVERSION = YES;
				GCC_WARN_ABOUT_RETURN_TYPE = YES_ERROR;
				GCC_WARN_UNDECLARED_SELECTOR = YES;
				GCC_WARN_UNINITIALIZED_AUTOS = YES_AGGRESSIVE;
				GCC_WARN_UNUSED_FUNCTION = YES;
				GCC_WARN_UNUSED_VARIABLE = YES;
				MACOSX_DEPLOYMENT_TARGET = 14.0;
				MTL_ENABLE_DEBUG_INFO = INCLUDE_SOURCE;
				MTL_FAST_MATH = YES;
				ONLY_ACTIVE_ARCH = YES;
				PRODUCT_NAME = "$(TARGET_NAME)";
				SDKROOT = macosx;
				SWIFT_ACTIVE_COMPILATION_CONDITIONS = DEBUG;
				SWIFT_OPTIMIZATION_LEVEL = "-Onone";
				SWIFT_VERSION = 5.0;
			};
			name = Debug;
		};
		198767CD5A601C4A91BFB698 /* Release */ = {
			isa = XCBuildConfiguration;
			buildSettings = {
				ARCHS = arm64;
				ASSETCATALOG_COMPILER_APPICON_NAME = AppIcon;
				ASSETCATALOG_COMPILER_INCLUDE_ALL_APPICON_ASSETS = YES;
				CODE_SIGN_ENTITLEMENTS = ScreenShoter/ScreenShoter.entitlements;
				"CODE_SIGN_IDENTITY[sdk=macosx*]" = "Mac Developer";
				COMBINE_HIDPI_IMAGES = YES;
				"DEVELOPMENT_TEAM[sdk=macosx*]" = XKL7SFFS36;
				ENABLE_HARDENED_RUNTIME = YES;
				INFOPLIST_FILE = ScreenShoter/Info.plist;
				INFOPLIST_KEY_LSApplicationCategoryType = "public.app-category.utilities";
				LD_RUNPATH_SEARCH_PATHS = "@executable_path/../Frameworks";
				MACOSX_DEPLOYMENT_TARGET = 14.0;
				PRODUCT_BUNDLE_IDENTIFIER = com.scrinsjater.app;
				SDKROOT = macosx;
			};
			name = Release;
		};
		262B1370FA1AA86996C29F99 /* Debug */ = {
			isa = XCBuildConfiguration;
			buildSettings = {
				ARCHS = arm64;
				ASSETCATALOG_COMPILER_APPICON_NAME = AppIcon;
				ASSETCATALOG_COMPILER_INCLUDE_ALL_APPICON_ASSETS = YES;
				CODE_SIGN_ENTITLEMENTS = ScreenShoter/ScreenShoter.entitlements;
				"CODE_SIGN_IDENTITY[sdk=macosx*]" = "Mac Developer";
				COMBINE_HIDPI_IMAGES = YES;
				"DEVELOPMENT_TEAM[sdk=macosx*]" = XKL7SFFS36;
				ENABLE_HARDENED_RUNTIME = YES;
				INFOPLIST_FILE = ScreenShoter/Info.plist;
				INFOPLIST_KEY_LSApplicationCategoryType = "public.app-category.utilities";
				LD_RUNPATH_SEARCH_PATHS = "@executable_path/../Frameworks";
				MACOSX_DEPLOYMENT_TARGET = 14.0;
				PRODUCT_BUNDLE_IDENTIFIER = com.scrinsjater.app;
				SDKROOT = macosx;
			};
			name = Debug;
		};
		5E21550B666C0F63BC3D0528 /* Release */ = {
			isa = XCBuildConfiguration;
			buildSettings = {
				ALWAYS_SEARCH_USER_PATHS = NO;
				CLANG_ANALYZER_NONNULL = YES;
				CLANG_ANALYZER_NUMBER_OBJECT_CONVERSION = YES_AGGRESSIVE;
				CLANG_CXX_LANGUAGE_STANDARD = "gnu++14";
				CLANG_CXX_LIBRARY = "libc++";
				CLANG_ENABLE_MODULES = YES;
				CLANG_ENABLE_OBJC_ARC = YES;
				CLANG_ENABLE_OBJC_WEAK = YES;
				CLANG_WARN_BLOCK_CAPTURE_AUTORELEASING = YES;
				CLANG_WARN_BOOL_CONVERSION = YES;
				CLANG_WARN_COMMA = YES;
				CLANG_WARN_CONSTANT_CONVERSION = YES;
				CLANG_WARN_DEPRECATED_OBJC_IMPLEMENTATIONS = YES;
				CLANG_WARN_DIRECT_OBJC_ISA_USAGE = YES_ERROR;
				CLANG_WARN_DOCUMENTATION_COMMENTS = YES;
				CLANG_WARN_EMPTY_BODY = YES;
				CLANG_WARN_ENUM_CONVERSION = YES;
				CLANG_WARN_INFINITE_RECURSION = YES;
				CLANG_WARN_INT_CONVERSION = YES;
				CLANG_WARN_NON_LITERAL_NULL_CONVERSION = YES;
				CLANG_WARN_OBJC_IMPLICIT_RETAIN_SELF = YES;
				CLANG_WARN_OBJC_LITERAL_CONVERSION = YES;
				CLANG_WARN_OBJC_ROOT_CLASS = YES_ERROR;
				CLANG_WARN_QUOTED_INCLUDE_IN_FRAMEWORK_HEADER = YES;
				CLANG_WARN_RANGE_LOOP_ANALYSIS = YES;
				CLANG_WARN_STRICT_PROTOTYPES = YES;
				CLANG_WARN_SUSPICIOUS_MOVE = YES;
				CLANG_WARN_UNGUARDED_AVAILABILITY = YES_AGGRESSIVE;
				CLANG_WARN_UNREACHABLE_CODE = YES;
				CLANG_WARN__DUPLICATE_METHOD_MATCH = YES;
				COPY_PHASE_STRIP = NO;
				DEBUG_INFORMATION_FORMAT = "dwarf-with-dsym";
				ENABLE_NS_ASSERTIONS = NO;
				ENABLE_STRICT_OBJC_MSGSEND = YES;
				GCC_C_LANGUAGE_STANDARD = gnu11;
				GCC_NO_COMMON_BLOCKS = YES;
				GCC_WARN_64_TO_32_BIT_CONVERSION = YES;
				GCC_WARN_ABOUT_RETURN_TYPE = YES_ERROR;
				GCC_WARN_UNDECLARED_SELECTOR = YES;
				GCC_WARN_UNINITIALIZED_AUTOS = YES_AGGRESSIVE;
				GCC_WARN_UNUSED_FUNCTION = YES;
				GCC_WARN_UNUSED_VARIABLE = YES;
				MACOSX_DEPLOYMENT_TARGET = 14.0;
				MTL_ENABLE_DEBUG_INFO = NO;
				MTL_FAST_MATH = YES;
				PRODUCT_NAME = "$(TARGET_NAME)";
				SDKROOT = macosx;
				SWIFT_COMPILATION_MODE = wholemodule;
				SWIFT_OPTIMIZATION_LEVEL = "-O";
				SWIFT_VERSION = 5.0;
			};
			name = Release;
		};
/* End XCBuildConfiguration section */

/* Begin XCConfigurationList section */
		6265751F4F23176FA4E3F949 /* Build configuration list for PBXProject "ScreenShoter" */ = {
			isa = XCConfigurationList;
			buildConfigurations = (
				09CCE6D5A9CF210CEAA2E483 /* Debug */,
				5E21550B666C0F63BC3D0528 /* Release */,
			);
			defaultConfigurationIsVisible = 0;
			defaultConfigurationName = Debug;
		};
		8A78D0812CA77F06E45F6661 /* Build configuration list for PBXNativeTarget "ScreenShoter" */ = {
			isa = XCConfigurationList;
			buildConfigurations = (
				262B1370FA1AA86996C29F99 /* Debug */,
				198767CD5A601C4A91BFB698 /* Release */,
			);
			defaultConfigurationIsVisible = 0;
			defaultConfigurationName = Debug;
		};
/* End XCConfigurationList section */

/* Begin XCRemoteSwiftPackageReference section */
		SPARKLE002B3C4D5E6F7082930 /* XCRemoteSwiftPackageReference "Sparkle" */ = {
			isa = XCRemoteSwiftPackageReference;
			repositoryURL = "https://github.com/sparkle-project/Sparkle";
			requirement = {
				kind = upToNextMajorVersion;
				minimumVersion = 2.5.0;
			};
		};
/* End XCRemoteSwiftPackageReference section */

/* Begin XCSwiftPackageProductDependency section */
		SPARKLE001A2B3C4D5E6F70829 /* Sparkle */ = {
			isa = XCSwiftPackageProductDependency;
			package = SPARKLE002B3C4D5E6F7082930 /* XCRemoteSwiftPackageReference "Sparkle" */;
			productName = Sparkle;
		};
/* End XCSwiftPackageProductDependency section */
	};
	rootObject = D3B0EC106398018CCE11D26C /* Project object */;
}
